
Microsoft Visual Studio Solution File, Format Version 12.00
# Visual Studio Version 17
VisualStudioVersion = 17.4.33122.133
MinimumVisualStudioVersion = 10.0.40219.1
Project("{FAE04EC0-301F-11D3-BF4B-00C04F79EFBC}") = "BEExam3", "BEExam3.csproj", "{7FDBF053-0E0E-4C76-8AB9-8FE2C5E11C98}"
EndProject
Global
	GlobalSection(SolutionConfigurationPlatforms) = preSolution
		Debug|Any CPU = Debug|Any CPU
		Release|Any CPU = Release|Any CPU
	EndGlobalSection
	GlobalSection(ProjectConfigurationPlatforms) = postSolution
		{7FDBF053-0E0E-4C76-8AB9-8FE2C5E11C98}.Debug|Any CPU.ActiveCfg = Debug|Any CPU
		{7FDBF053-0E0E-4C76-8AB9-8FE2C5E11C98}.Debug|Any CPU.Build.0 = Debug|Any CPU
		{7FDBF053-0E0E-4C76-8AB9-8FE2C5E11C98}.Release|Any CPU.ActiveCfg = Release|Any CPU
		{7FDBF053-0E0E-4C76-8AB9-8FE2C5E11C98}.Release|Any CPU.Build.0 = Release|Any CPU
	EndGlobalSection
	GlobalSection(SolutionProperties) = preSolution
		HideSolutionNode = FALSE
	EndGlobalSection
	GlobalSection(ExtensibilityGlobals) = postSolution
		SolutionGuid = {5CB7E0FC-5FCC-4EB3-8D53-166FD5E17585}
	EndGlobalSection
EndGlobal
